// !$*UTF8*$!
{
	archiveVersion = 1;
	classes = {
	};
	objectVersion = 77;
	objects = {

/* Begin PBXBuildFile section */
		4B1AB7E22E1D258F004E1F87 /* RxCocoa in Frameworks */ = {isa = PBXBuildFile; productRef = 4B1AB7E12E1D258F004E1F87 /* RxCocoa */; };
		4B1AB7E42E1D258F004E1F87 /* RxRelay in Frameworks */ = {isa = PBXBuildFile; productRef = 4B1AB7E32E1D258F004E1F87 /* RxRelay */; };
		4B1AB7E62E1D258F004E1F87 /* RxSwift in Frameworks */ = {isa = PBXBuildFile; productRef = 4B1AB7E52E1D258F004E1F87 /* RxSwift */; };
		4B1AB7E92E1D25A1004E1F87 /* ReactorKit in Frameworks */ = {isa = PBXBuildFile; productRef = 4B1AB7E82E1D25A1004E1F87 /* ReactorKit */; };
		4B2862932E36246800C92125 /* RxFlow in Frameworks */ = {isa = PBXBuildFile; productRef = 4B2862922E36246800C92125 /* RxFlow */; };
		4B3445962E16B33100A3186E /* SnapKit in Frameworks */ = {isa = PBXBuildFile; productRef = 4B3445952E16B33100A3186E /* SnapKit */; };
		4B3445992E16B37500A3186E /* Moya in Frameworks */ = {isa = PBXBuildFile; productRef = 4B3445982E16B37500A3186E /* Moya */; };
		4B34459C2E16B38E00A3186E /* Kingfisher in Frameworks */ = {isa = PBXBuildFile; productRef = 4B34459B2E16B38E00A3186E /* Kingfisher */; };
		4B6630852E2D120700829DC5 /* HostingView in Frameworks */ = {isa = PBXBuildFile; productRef = 4B6630842E2D120700829DC5 /* HostingView */; };
		4BB334D32E2FD12600EF199A /* Algorithms in Frameworks */ = {isa = PBXBuildFile; productRef = 4BB334D22E2FD12600EF199A /* Algorithms */; };
		4BC783A12E181C34009C421A /* Dependencies in Frameworks */ = {isa = PBXBuildFile; productRef = 4BC783A02E181C34009C421A /* Dependencies */; };
/* End PBXBuildFile section */

/* Begin PBXContainerItemProxy section */
		4B355E7A2E33794200CC96B8 /* PBXContainerItemProxy */ = {
			isa = PBXContainerItemProxy;
			containerPortal = 4B3445522E16AEEC00A3186E /* Project object */;
			proxyType = 1;
			remoteGlobalIDString = 4B3445592E16AEEC00A3186E;
			remoteInfo = Resplash;
		};
/* End PBXContainerItemProxy section */

/* Begin PBXFileReference section */
		4B34455A2E16AEEC00A3186E /* Resplash.app */ = {isa = PBXFileReference; explicitFileType = wrapper.application; includeInIndex = 0; path = Resplash.app; sourceTree = BUILT_PRODUCTS_DIR; };
		4B355E762E33794200CC96B8 /* ResplashTests.xctest */ = {isa = PBXFileReference; explicitFileType = wrapper.cfbundle; includeInIndex = 0; path = ResplashTests.xctest; sourceTree = BUILT_PRODUCTS_DIR; };
/* End PBXFileReference section */

/* Begin PBXFileSystemSynchronizedBuildFileExceptionSet section */
		4B34456C2E16AEED00A3186E /* Exceptions for "Resplash" folder in "Resplash" target */ = {
			isa = PBXFileSystemSynchronizedBuildFileExceptionSet;
			membershipExceptions = (
				Resources/Info.plist,
				Resources/swiftlint.yml,
			);
			target = 4B3445592E16AEEC00A3186E /* Resplash */;
		};
/* End PBXFileSystemSynchronizedBuildFileExceptionSet section */

/* Begin PBXFileSystemSynchronizedRootGroup section */
		4B34455C2E16AEEC00A3186E /* Resplash */ = {
			isa = PBXFileSystemSynchronizedRootGroup;
			exceptions = (
				4B34456C2E16AEED00A3186E /* Exceptions for "Resplash" folder in "Resplash" target */,
			);
			path = Resplash;
			sourceTree = "<group>";
		};
		4B355E772E33794200CC96B8 /* ResplashTests */ = {
			isa = PBXFileSystemSynchronizedRootGroup;
			path = ResplashTests;
			sourceTree = "<group>";
		};
/* End PBXFileSystemSynchronizedRootGroup section */

/* Begin PBXFrameworksBuildPhase section */
		4B3445572E16AEEC00A3186E /* Frameworks */ = {
			isa = PBXFrameworksBuildPhase;
			buildActionMask = 2147483647;
			files = (
				4B2862932E36246800C92125 /* RxFlow in Frameworks */,
				4B6630852E2D120700829DC5 /* HostingView in Frameworks */,
				4B1AB7E42E1D258F004E1F87 /* RxRelay in Frameworks */,
				4B34459C2E16B38E00A3186E /* Kingfisher in Frameworks */,
				4B1AB7E92E1D25A1004E1F87 /* ReactorKit in Frameworks */,
				4B3445992E16B37500A3186E /* Moya in Frameworks */,
				4B1AB7E22E1D258F004E1F87 /* RxCocoa in Frameworks */,
				4BB334D32E2FD12600EF199A /* Algorithms in Frameworks */,
				4BC783A12E181C34009C421A /* Dependencies in Frameworks */,
				4B3445962E16B33100A3186E /* SnapKit in Frameworks */,
				4B1AB7E62E1D258F004E1F87 /* RxSwift in Frameworks */,
			);
			runOnlyForDeploymentPostprocessing = 0;
		};
		4B355E732E33794200CC96B8 /* Frameworks */ = {
			isa = PBXFrameworksBuildPhase;
			buildActionMask = 2147483647;
			files = (
			);
			runOnlyForDeploymentPostprocessing = 0;
		};
/* End PBXFrameworksBuildPhase section */

/* Begin PBXGroup section */
		4B3445512E16AEEC00A3186E = {
			isa = PBXGroup;
			children = (
				4B34455C2E16AEEC00A3186E /* Resplash */,
				4B355E772E33794200CC96B8 /* ResplashTests */,
				4B34455B2E16AEEC00A3186E /* Products */,
			);
			sourceTree = "<group>";
		};
		4B34455B2E16AEEC00A3186E /* Products */ = {
			isa = PBXGroup;
			children = (
				4B34455A2E16AEEC00A3186E /* Resplash.app */,
				4B355E762E33794200CC96B8 /* ResplashTests.xctest */,
			);
			name = Products;
			sourceTree = "<group>";
		};
/* End PBXGroup section */

/* Begin PBXNativeTarget section */
		4B3445592E16AEEC00A3186E /* Resplash */ = {
			isa = PBXNativeTarget;
			buildConfigurationList = 4B34456D2E16AEED00A3186E /* Build configuration list for PBXNativeTarget "Resplash" */;
			buildPhases = (
				4B3445562E16AEEC00A3186E /* Sources */,
				4B3445572E16AEEC00A3186E /* Frameworks */,
				4B3445582E16AEEC00A3186E /* Resources */,
				4B3445BB2E16B56A00A3186E /* SwiftLint */,
			);
			buildRules = (
			);
			dependencies = (
			);
			fileSystemSynchronizedGroups = (
				4B34455C2E16AEEC00A3186E /* Resplash */,
			);
			name = Resplash;
			packageProductDependencies = (
				4B3445952E16B33100A3186E /* SnapKit */,
				4B3445982E16B37500A3186E /* Moya */,
				4B34459B2E16B38E00A3186E /* Kingfisher */,
				4BC783A02E181C34009C421A /* Dependencies */,
				4B1AB7E12E1D258F004E1F87 /* RxCocoa */,
				4B1AB7E32E1D258F004E1F87 /* RxRelay */,
				4B1AB7E52E1D258F004E1F87 /* RxSwift */,
				4B1AB7E82E1D25A1004E1F87 /* ReactorKit */,
				4B6630842E2D120700829DC5 /* HostingView */,
				4BB334D22E2FD12600EF199A /* Algorithms */,
				4B2862922E36246800C92125 /* RxFlow */,
			);
			productName = Resplash;
			productReference = 4B34455A2E16AEEC00A3186E /* Resplash.app */;
			productType = "com.apple.product-type.application";
		};
		4B355E752E33794200CC96B8 /* ResplashTests */ = {
			isa = PBXNativeTarget;
			buildConfigurationList = 4B355E7C2E33794200CC96B8 /* Build configuration list for PBXNativeTarget "ResplashTests" */;
			buildPhases = (
				4B355E722E33794200CC96B8 /* Sources */,
				4B355E732E33794200CC96B8 /* Frameworks */,
				4B355E742E33794200CC96B8 /* Resources */,
			);
			buildRules = (
			);
			dependencies = (
				4B355E7B2E33794200CC96B8 /* PBXTargetDependency */,
			);
			fileSystemSynchronizedGroups = (
				4B355E772E33794200CC96B8 /* ResplashTests */,
			);
			name = ResplashTests;
			packageProductDependencies = (
			);
			productName = ResplashTests;
			productReference = 4B355E762E33794200CC96B8 /* ResplashTests.xctest */;
			productType = "com.apple.product-type.bundle.unit-test";
		};
/* End PBXNativeTarget section */

/* Begin PBXProject section */
		4B3445522E16AEEC00A3186E /* Project object */ = {
			isa = PBXProject;
			attributes = {
				BuildIndependentTargetsInParallel = 1;
				LastSwiftUpdateCheck = 1640;
				LastUpgradeCheck = 2600;
				TargetAttributes = {
					4B3445592E16AEEC00A3186E = {
						CreatedOnToolsVersion = 26.0;
					};
					4B355E752E33794200CC96B8 = {
						CreatedOnToolsVersion = 16.4;
						TestTargetID = 4B3445592E16AEEC00A3186E;
					};
				};
			};
			buildConfigurationList = 4B3445552E16AEEC00A3186E /* Build configuration list for PBXProject "Resplash" */;
			developmentRegion = en;
			hasScannedForEncodings = 0;
			knownRegions = (
				en,
				Base,
				ko,
			);
			mainGroup = 4B3445512E16AEEC00A3186E;
			minimizedProjectReferenceProxies = 1;
			packageReferences = (
				4B3445942E16B33100A3186E /* XCRemoteSwiftPackageReference "SnapKit" */,
				4B3445972E16B37500A3186E /* XCRemoteSwiftPackageReference "Moya" */,
				4B34459A2E16B38E00A3186E /* XCRemoteSwiftPackageReference "Kingfisher" */,
				4BC7839F2E181C34009C421A /* XCRemoteSwiftPackageReference "swift-dependencies" */,
				4B1AB7E02E1D258F004E1F87 /* XCRemoteSwiftPackageReference "RxSwift" */,
				4B1AB7E72E1D25A1004E1F87 /* XCRemoteSwiftPackageReference "ReactorKit" */,
				4B6630832E2D120700829DC5 /* XCRemoteSwiftPackageReference "HostingView" */,
				4BB334D12E2FD12600EF199A /* XCRemoteSwiftPackageReference "swift-algorithms" */,
				4B2862912E36246800C92125 /* XCRemoteSwiftPackageReference "RxFlow" */,
			);
			preferredProjectObjectVersion = 77;
			productRefGroup = 4B34455B2E16AEEC00A3186E /* Products */;
			projectDirPath = "";
			projectRoot = "";
			targets = (
				4B3445592E16AEEC00A3186E /* Resplash */,
				4B355E752E33794200CC96B8 /* ResplashTests */,
			);
		};
/* End PBXProject section */

/* Begin PBXResourcesBuildPhase section */
		4B3445582E16AEEC00A3186E /* Resources */ = {
			isa = PBXResourcesBuildPhase;
			buildActionMask = 2147483647;
			files = (
			);
			runOnlyForDeploymentPostprocessing = 0;
		};
		4B355E742E33794200CC96B8 /* Resources */ = {
			isa = PBXResourcesBuildPhase;
			buildActionMask = 2147483647;
			files = (
			);
			runOnlyForDeploymentPostprocessing = 0;
		};
/* End PBXResourcesBuildPhase section */

/* Begin PBXShellScriptBuildPhase section */
		4B3445BB2E16B56A00A3186E /* SwiftLint */ = {
			isa = PBXShellScriptBuildPhase;
			alwaysOutOfDate = 1;
			buildActionMask = 2147483647;
			files = (
			);
			inputFileListPaths = (
			);
			inputPaths = (
			);
			name = SwiftLint;
			outputFileListPaths = (
			);
			outputPaths = (
			);
			runOnlyForDeploymentPostprocessing = 0;
			shellPath = /bin/sh;
			shellScript = "if [ -d \"$HOME/.local/share/mise/shims\" ]; then\n    export PATH=\"$HOME/.local/share/mise/shims:$PATH\"\nfi\n\nSWIFTLINT_PATH=$(which swiftlint)\nSWIFTLINT_CONFIG_PATH=\"${PROJECT_DIR%}/Resplash/Resources/swiftlint.yml\"\n\nif [ -n \"$(which swiftlint)\" ]; then\n  swiftlint --config \"$SWIFTLINT_CONFIG_PATH\"\nelse\n  echo \"warning: SwiftLint not installed, download from https://github.com/realm/SwiftLint\"\nfi\n";
		};
/* End PBXShellScriptBuildPhase section */

/* Begin PBXSourcesBuildPhase section */
		4B3445562E16AEEC00A3186E /* Sources */ = {
			isa = PBXSourcesBuildPhase;
			buildActionMask = 2147483647;
			files = (
			);
			runOnlyForDeploymentPostprocessing = 0;
		};
		4B355E722E33794200CC96B8 /* Sources */ = {
			isa = PBXSourcesBuildPhase;
			buildActionMask = 2147483647;
			files = (
			);
			runOnlyForDeploymentPostprocessing = 0;
		};
/* End PBXSourcesBuildPhase section */

/* Begin PBXTargetDependency section */
		4B355E7B2E33794200CC96B8 /* PBXTargetDependency */ = {
			isa = PBXTargetDependency;
			target = 4B3445592E16AEEC00A3186E /* Resplash */;
			targetProxy = 4B355E7A2E33794200CC96B8 /* PBXContainerItemProxy */;
		};
/* End PBXTargetDependency section */

/* Begin XCBuildConfiguration section */
		4B34456E2E16AEED00A3186E /* Debug */ = {
			isa = XCBuildConfiguration;
			buildSettings = {
				ASSETCATALOG_COMPILER_APPICON_NAME = AppIcon;
				ASSETCATALOG_COMPILER_GLOBAL_ACCENT_COLOR_NAME = AccentColor;
				"CODE_SIGN_IDENTITY[sdk=iphoneos*]" = "iPhone Developer";
				CODE_SIGN_STYLE = Manual;
				CURRENT_PROJECT_VERSION = 1;
				DEVELOPMENT_TEAM = "";
				"DEVELOPMENT_TEAM[sdk=iphoneos*]" = F36388UFRX;
				GENERATE_INFOPLIST_FILE = YES;
				INFOPLIST_FILE = Resplash/Resources/Info.plist;
				INFOPLIST_KEY_UIApplicationSupportsIndirectInputEvents = YES;
				INFOPLIST_KEY_UILaunchStoryboardName = LaunchScreen;
				INFOPLIST_KEY_UISupportedInterfaceOrientations_iPad = "UIInterfaceOrientationPortrait UIInterfaceOrientationPortraitUpsideDown UIInterfaceOrientationLandscapeLeft UIInterfaceOrientationLandscapeRight";
				INFOPLIST_KEY_UISupportedInterfaceOrientations_iPhone = "UIInterfaceOrientationPortrait UIInterfaceOrientationLandscapeLeft UIInterfaceOrientationLandscapeRight";
				IPHONEOS_DEPLOYMENT_TARGET = 18.0;
				LD_RUNPATH_SEARCH_PATHS = (
					"$(inherited)",
					"@executable_path/Frameworks",
				);
				MARKETING_VERSION = 1.0;
				PRODUCT_BUNDLE_IDENTIFIER = com.js.resplash;
				PRODUCT_NAME = "$(TARGET_NAME)";
				PROVISIONING_PROFILE_SPECIFIER = "";
				"PROVISIONING_PROFILE_SPECIFIER[sdk=iphoneos*]" = "Wildcard App Development";
				STRING_CATALOG_GENERATE_SYMBOLS = YES;
				SWIFT_EMIT_LOC_STRINGS = YES;
				SWIFT_UPCOMING_FEATURE_MEMBER_IMPORT_VISIBILITY = YES;
				SWIFT_VERSION = 5.0;
				TARGETED_DEVICE_FAMILY = "1,2";
			};
			name = Debug;
		};
		4B34456F2E16AEED00A3186E /* Release */ = {
			isa = XCBuildConfiguration;
			buildSettings = {
				ASSETCATALOG_COMPILER_APPICON_NAME = AppIcon;
				ASSETCATALOG_COMPILER_GLOBAL_ACCENT_COLOR_NAME = AccentColor;
				"CODE_SIGN_IDENTITY[sdk=iphoneos*]" = "iPhone Developer";
				CODE_SIGN_STYLE = Manual;
				CURRENT_PROJECT_VERSION = 1;
				DEVELOPMENT_TEAM = "";
				"DEVELOPMENT_TEAM[sdk=iphoneos*]" = F36388UFRX;
				GENERATE_INFOPLIST_FILE = YES;
				INFOPLIST_FILE = Resplash/Resources/Info.plist;
				INFOPLIST_KEY_UIApplicationSupportsIndirectInputEvents = YES;
				INFOPLIST_KEY_UILaunchStoryboardName = LaunchScreen;
				INFOPLIST_KEY_UISupportedInterfaceOrientations_iPad = "UIInterfaceOrientationPortrait UIInterfaceOrientationPortraitUpsideDown UIInterfaceOrientationLandscapeLeft UIInterfaceOrientationLandscapeRight";
				INFOPLIST_KEY_UISupportedInterfaceOrientations_iPhone = "UIInterfaceOrientationPortrait UIInterfaceOrientationLandscapeLeft UIInterfaceOrientationLandscapeRight";
				IPHONEOS_DEPLOYMENT_TARGET = 18.0;
				LD_RUNPATH_SEARCH_PATHS = (
					"$(inherited)",
					"@executable_path/Frameworks",
				);
				MARKETING_VERSION = 1.0;
				PRODUCT_BUNDLE_IDENTIFIER = com.js.resplash;
				PRODUCT_NAME = "$(TARGET_NAME)";
				PROVISIONING_PROFILE_SPECIFIER = "";
				"PROVISIONING_PROFILE_SPECIFIER[sdk=iphoneos*]" = "Wildcard App Development";
				STRING_CATALOG_GENERATE_SYMBOLS = YES;
				SWIFT_EMIT_LOC_STRINGS = YES;
				SWIFT_UPCOMING_FEATURE_MEMBER_IMPORT_VISIBILITY = YES;
				SWIFT_VERSION = 5.0;
				TARGETED_DEVICE_FAMILY = "1,2";
			};
			name = Release;
		};
		4B3445702E16AEED00A3186E /* Debug */ = {
			isa = XCBuildConfiguration;
			buildSettings = {
				ALWAYS_SEARCH_USER_PATHS = NO;
				ASSETCATALOG_COMPILER_GENERATE_SWIFT_ASSET_SYMBOL_EXTENSIONS = YES;
				CLANG_ANALYZER_NONNULL = YES;
				CLANG_ANALYZER_NUMBER_OBJECT_CONVERSION = YES_AGGRESSIVE;
				CLANG_CXX_LANGUAGE_STANDARD = "gnu++20";
				CLANG_ENABLE_MODULES = YES;
				CLANG_ENABLE_OBJC_ARC = YES;
				CLANG_ENABLE_OBJC_WEAK = YES;
				CLANG_WARN_BLOCK_CAPTURE_AUTORELEASING = YES;
				CLANG_WARN_BOOL_CONVERSION = YES;
				CLANG_WARN_COMMA = YES;
				CLANG_WARN_CONSTANT_CONVERSION = YES;
				CLANG_WARN_DEPRECATED_OBJC_IMPLEMENTATIONS = YES;
				CLANG_WARN_DIRECT_OBJC_ISA_USAGE = YES_ERROR;
				CLANG_WARN_DOCUMENTATION_COMMENTS = YES;
				CLANG_WARN_EMPTY_BODY = YES;
				CLANG_WARN_ENUM_CONVERSION = YES;
				CLANG_WARN_INFINITE_RECURSION = YES;
				CLANG_WARN_INT_CONVERSION = YES;
				CLANG_WARN_NON_LITERAL_NULL_CONVERSION = YES;
				CLANG_WARN_OBJC_IMPLICIT_RETAIN_SELF = YES;
				CLANG_WARN_OBJC_LITERAL_CONVERSION = YES;
				CLANG_WARN_OBJC_ROOT_CLASS = YES_ERROR;
				CLANG_WARN_QUOTED_INCLUDE_IN_FRAMEWORK_HEADER = YES;
				CLANG_WARN_RANGE_LOOP_ANALYSIS = YES;
				CLANG_WARN_STRICT_PROTOTYPES = YES;
				CLANG_WARN_SUSPICIOUS_MOVE = YES;
				CLANG_WARN_UNGUARDED_AVAILABILITY = YES_AGGRESSIVE;
				CLANG_WARN_UNREACHABLE_CODE = YES;
				CLANG_WARN__DUPLICATE_METHOD_MATCH = YES;
				COPY_PHASE_STRIP = NO;
				DEBUG_INFORMATION_FORMAT = dwarf;
				DEVELOPMENT_TEAM = F36388UFRX;
				ENABLE_STRICT_OBJC_MSGSEND = YES;
				ENABLE_TESTABILITY = YES;
				GCC_C_LANGUAGE_STANDARD = gnu17;
				GCC_DYNAMIC_NO_PIC = NO;
				GCC_NO_COMMON_BLOCKS = YES;
				GCC_OPTIMIZATION_LEVEL = 0;
				GCC_PREPROCESSOR_DEFINITIONS = (
					"DEBUG=1",
					"$(inherited)",
				);
				GCC_WARN_64_TO_32_BIT_CONVERSION = YES;
				GCC_WARN_ABOUT_RETURN_TYPE = YES_ERROR;
				GCC_WARN_UNDECLARED_SELECTOR = YES;
				GCC_WARN_UNINITIALIZED_AUTOS = YES_AGGRESSIVE;
				GCC_WARN_UNUSED_FUNCTION = YES;
				GCC_WARN_UNUSED_VARIABLE = YES;
				IPHONEOS_DEPLOYMENT_TARGET = 26.0;
				LOCALIZATION_PREFERS_STRING_CATALOGS = YES;
				MTL_ENABLE_DEBUG_INFO = INCLUDE_SOURCE;
				MTL_FAST_MATH = YES;
				ONLY_ACTIVE_ARCH = YES;
				SDKROOT = iphoneos;
				STRING_CATALOG_GENERATE_SYMBOLS = YES;
				SWIFT_ACTIVE_COMPILATION_CONDITIONS = "DEBUG $(inherited)";
				SWIFT_EMIT_LOC_STRINGS = YES;
				SWIFT_OPTIMIZATION_LEVEL = "-Onone";
			};
			name = Debug;
		};
		4B3445712E16AEED00A3186E /* Release */ = {
			isa = XCBuildConfiguration;
			buildSettings = {
				ALWAYS_SEARCH_USER_PATHS = NO;
				ASSETCATALOG_COMPILER_GENERATE_SWIFT_ASSET_SYMBOL_EXTENSIONS = YES;
				CLANG_ANALYZER_NONNULL = YES;
				CLANG_ANALYZER_NUMBER_OBJECT_CONVERSION = YES_AGGRESSIVE;
				CLANG_CXX_LANGUAGE_STANDARD = "gnu++20";
				CLANG_ENABLE_MODULES = YES;
				CLANG_ENABLE_OBJC_ARC = YES;
				CLANG_ENABLE_OBJC_WEAK = YES;
				CLANG_WARN_BLOCK_CAPTURE_AUTORELEASING = YES;
				CLANG_WARN_BOOL_CONVERSION = YES;
				CLANG_WARN_COMMA = YES;
				CLANG_WARN_CONSTANT_CONVERSION = YES;
				CLANG_WARN_DEPRECATED_OBJC_IMPLEMENTATIONS = YES;
				CLANG_WARN_DIRECT_OBJC_ISA_USAGE = YES_ERROR;
				CLANG_WARN_DOCUMENTATION_COMMENTS = YES;
				CLANG_WARN_EMPTY_BODY = YES;
				CLANG_WARN_ENUM_CONVERSION = YES;
				CLANG_WARN_INFINITE_RECURSION = YES;
				CLANG_WARN_INT_CONVERSION = YES;
				CLANG_WARN_NON_LITERAL_NULL_CONVERSION = YES;
				CLANG_WARN_OBJC_IMPLICIT_RETAIN_SELF = YES;
				CLANG_WARN_OBJC_LITERAL_CONVERSION = YES;
				CLANG_WARN_OBJC_ROOT_CLASS = YES_ERROR;
				CLANG_WARN_QUOTED_INCLUDE_IN_FRAMEWORK_HEADER = YES;
				CLANG_WARN_RANGE_LOOP_ANALYSIS = YES;
				CLANG_WARN_STRICT_PROTOTYPES = YES;
				CLANG_WARN_SUSPICIOUS_MOVE = YES;
				CLANG_WARN_UNGUARDED_AVAILABILITY = YES_AGGRESSIVE;
				CLANG_WARN_UNREACHABLE_CODE = YES;
				CLANG_WARN__DUPLICATE_METHOD_MATCH = YES;
				COPY_PHASE_STRIP = NO;
				DEBUG_INFORMATION_FORMAT = "dwarf-with-dsym";
				DEVELOPMENT_TEAM = F36388UFRX;
				ENABLE_NS_ASSERTIONS = NO;
				ENABLE_STRICT_OBJC_MSGSEND = YES;
				GCC_C_LANGUAGE_STANDARD = gnu17;
				GCC_NO_COMMON_BLOCKS = YES;
				GCC_WARN_64_TO_32_BIT_CONVERSION = YES;
				GCC_WARN_ABOUT_RETURN_TYPE = YES_ERROR;
				GCC_WARN_UNDECLARED_SELECTOR = YES;
				GCC_WARN_UNINITIALIZED_AUTOS = YES_AGGRESSIVE;
				GCC_WARN_UNUSED_FUNCTION = YES;
				GCC_WARN_UNUSED_VARIABLE = YES;
				IPHONEOS_DEPLOYMENT_TARGET = 26.0;
				LOCALIZATION_PREFERS_STRING_CATALOGS = YES;
				MTL_ENABLE_DEBUG_INFO = NO;
				MTL_FAST_MATH = YES;
				SDKROOT = iphoneos;
				STRING_CATALOG_GENERATE_SYMBOLS = YES;
				SWIFT_COMPILATION_MODE = wholemodule;
				SWIFT_EMIT_LOC_STRINGS = YES;
				VALIDATE_PRODUCT = YES;
			};
			name = Release;
		};
		4B355E7D2E33794200CC96B8 /* Debug */ = {
			isa = XCBuildConfiguration;
			buildSettings = {
				BUNDLE_LOADER = "$(TEST_HOST)";
				CODE_SIGN_STYLE = Automatic;
				CURRENT_PROJECT_VERSION = 1;
				DEVELOPMENT_TEAM = F36388UFRX;
				ENABLE_USER_SCRIPT_SANDBOXING = YES;
				GENERATE_INFOPLIST_FILE = YES;
				IPHONEOS_DEPLOYMENT_TARGET = 18.5;
				MARKETING_VERSION = 1.0;
				PRODUCT_BUNDLE_IDENTIFIER = com.js.resplash.tests;
				PRODUCT_NAME = "$(TARGET_NAME)";
				SWIFT_EMIT_LOC_STRINGS = NO;
				SWIFT_VERSION = 5.0;
				TARGETED_DEVICE_FAMILY = "1,2";
				TEST_HOST = "$(BUILT_PRODUCTS_DIR)/Resplash.app/$(BUNDLE_EXECUTABLE_FOLDER_PATH)/Resplash";
			};
			name = Debug;
		};
		4B355E7E2E33794200CC96B8 /* Release */ = {
			isa = XCBuildConfiguration;
			buildSettings = {
				BUNDLE_LOADER = "$(TEST_HOST)";
				CODE_SIGN_STYLE = Automatic;
				CURRENT_PROJECT_VERSION = 1;
				DEVELOPMENT_TEAM = F36388UFRX;
				ENABLE_USER_SCRIPT_SANDBOXING = YES;
				GENERATE_INFOPLIST_FILE = YES;
				IPHONEOS_DEPLOYMENT_TARGET = 18.5;
				MARKETING_VERSION = 1.0;
				PRODUCT_BUNDLE_IDENTIFIER = com.js.resplash.tests;
				PRODUCT_NAME = "$(TARGET_NAME)";
				SWIFT_EMIT_LOC_STRINGS = NO;
				SWIFT_VERSION = 5.0;
				TARGETED_DEVICE_FAMILY = "1,2";
				TEST_HOST = "$(BUILT_PRODUCTS_DIR)/Resplash.app/$(BUNDLE_EXECUTABLE_FOLDER_PATH)/Resplash";
			};
			name = Release;
		};
/* End XCBuildConfiguration section */

/* Begin XCConfigurationList section */
		4B3445552E16AEEC00A3186E /* Build configuration list for PBXProject "Resplash" */ = {
			isa = XCConfigurationList;
			buildConfigurations = (
				4B3445702E16AEED00A3186E /* Debug */,
				4B3445712E16AEED00A3186E /* Release */,
			);
			defaultConfigurationIsVisible = 0;
			defaultConfigurationName = Release;
		};
		4B34456D2E16AEED00A3186E /* Build configuration list for PBXNativeTarget "Resplash" */ = {
			isa = XCConfigurationList;
			buildConfigurations = (
				4B34456E2E16AEED00A3186E /* Debug */,
				4B34456F2E16AEED00A3186E /* Release */,
			);
			defaultConfigurationIsVisible = 0;
			defaultConfigurationName = Release;
		};
		4B355E7C2E33794200CC96B8 /* Build configuration list for PBXNativeTarget "ResplashTests" */ = {
			isa = XCConfigurationList;
			buildConfigurations = (
				4B355E7D2E33794200CC96B8 /* Debug */,
				4B355E7E2E33794200CC96B8 /* Release */,
			);
			defaultConfigurationIsVisible = 0;
			defaultConfigurationName = Release;
		};
/* End XCConfigurationList section */

/* Begin XCRemoteSwiftPackageReference section */
		4B1AB7E02E1D258F004E1F87 /* XCRemoteSwiftPackageReference "RxSwift" */ = {
			isa = XCRemoteSwiftPackageReference;
			repositoryURL = "https://github.com/ReactiveX/RxSwift";
			requirement = {
				kind = upToNextMajorVersion;
				minimumVersion = 6.9.0;
			};
		};
		4B1AB7E72E1D25A1004E1F87 /* XCRemoteSwiftPackageReference "ReactorKit" */ = {
			isa = XCRemoteSwiftPackageReference;
			repositoryURL = "https://github.com/ReactorKit/ReactorKit";
			requirement = {
				kind = upToNextMajorVersion;
				minimumVersion = 3.2.0;
			};
		};
		4B2862912E36246800C92125 /* XCRemoteSwiftPackageReference "RxFlow" */ = {
			isa = XCRemoteSwiftPackageReference;
			repositoryURL = "https://github.com/RxSwiftCommunity/RxFlow";
			requirement = {
				kind = upToNextMajorVersion;
				minimumVersion = 2.13.2;
			};
		};
		4B3445942E16B33100A3186E /* XCRemoteSwiftPackageReference "SnapKit" */ = {
			isa = XCRemoteSwiftPackageReference;
			repositoryURL = "https://github.com/SnapKit/SnapKit";
			requirement = {
				kind = upToNextMajorVersion;
				minimumVersion = 5.7.1;
			};
		};
		4B3445972E16B37500A3186E /* XCRemoteSwiftPackageReference "Moya" */ = {
			isa = XCRemoteSwiftPackageReference;
			repositoryURL = "https://github.com/Moya/Moya.git";
			requirement = {
				kind = upToNextMajorVersion;
				minimumVersion = 15.0.3;
			};
		};
		4B34459A2E16B38E00A3186E /* XCRemoteSwiftPackageReference "Kingfisher" */ = {
			isa = XCRemoteSwiftPackageReference;
			repositoryURL = "https://github.com/onevcat/Kingfisher.git";
			requirement = {
				kind = upToNextMajorVersion;
				minimumVersion = 8.3.3;
			};
		};
		4B6630832E2D120700829DC5 /* XCRemoteSwiftPackageReference "HostingView" */ = {
			isa = XCRemoteSwiftPackageReference;
			repositoryURL = "https://github.com/Jaesung-Jung/HostingView";
			requirement = {
				kind = upToNextMajorVersion;
				minimumVersion = 1.2.0;
			};
		};
		4BB334D12E2FD12600EF199A /* XCRemoteSwiftPackageReference "swift-algorithms" */ = {
			isa = XCRemoteSwiftPackageReference;
			repositoryURL = "https://github.com/apple/swift-algorithms.git";
			requirement = {
				kind = upToNextMajorVersion;
				minimumVersion = 1.2.1;
			};
		};
		4BC7839F2E181C34009C421A /* XCRemoteSwiftPackageReference "swift-dependencies" */ = {
			isa = XCRemoteSwiftPackageReference;
			repositoryURL = "https://github.com/pointfreeco/swift-dependencies";
			requirement = {
				kind = upToNextMajorVersion;
				minimumVersion = 1.9.2;
			};
		};
/* End XCRemoteSwiftPackageReference section */

/* Begin XCSwiftPackageProductDependency section */
		4B1AB7E12E1D258F004E1F87 /* RxCocoa */ = {
			isa = XCSwiftPackageProductDependency;
			package = 4B1AB7E02E1D258F004E1F87 /* XCRemoteSwiftPackageReference "RxSwift" */;
			productName = RxCocoa;
		};
		4B1AB7E32E1D258F004E1F87 /* RxRelay */ = {
			isa = XCSwiftPackageProductDependency;
			package = 4B1AB7E02E1D258F004E1F87 /* XCRemoteSwiftPackageReference "RxSwift" */;
			productName = RxRelay;
		};
		4B1AB7E52E1D258F004E1F87 /* RxSwift */ = {
			isa = XCSwiftPackageProductDependency;
			package = 4B1AB7E02E1D258F004E1F87 /* XCRemoteSwiftPackageReference "RxSwift" */;
			productName = RxSwift;
		};
		4B1AB7E82E1D25A1004E1F87 /* ReactorKit */ = {
			isa = XCSwiftPackageProductDependency;
			package = 4B1AB7E72E1D25A1004E1F87 /* XCRemoteSwiftPackageReference "ReactorKit" */;
			productName = ReactorKit;
		};
		4B2862922E36246800C92125 /* RxFlow */ = {
			isa = XCSwiftPackageProductDependency;
			package = 4B2862912E36246800C92125 /* XCRemoteSwiftPackageReference "RxFlow" */;
			productName = RxFlow;
		};
		4B3445952E16B33100A3186E /* SnapKit */ = {
			isa = XCSwiftPackageProductDependency;
			package = 4B3445942E16B33100A3186E /* XCRemoteSwiftPackageReference "SnapKit" */;
			productName = SnapKit;
		};
		4B3445982E16B37500A3186E /* Moya */ = {
			isa = XCSwiftPackageProductDependency;
			package = 4B3445972E16B37500A3186E /* XCRemoteSwiftPackageReference "Moya" */;
			productName = Moya;
		};
		4B34459B2E16B38E00A3186E /* Kingfisher */ = {
			isa = XCSwiftPackageProductDependency;
			package = 4B34459A2E16B38E00A3186E /* XCRemoteSwiftPackageReference "Kingfisher" */;
			productName = Kingfisher;
		};
		4B6630842E2D120700829DC5 /* HostingView */ = {
			isa = XCSwiftPackageProductDependency;
			package = 4B6630832E2D120700829DC5 /* XCRemoteSwiftPackageReference "HostingView" */;
			productName = HostingView;
		};
		4BB334D22E2FD12600EF199A /* Algorithms */ = {
			isa = XCSwiftPackageProductDependency;
			package = 4BB334D12E2FD12600EF199A /* XCRemoteSwiftPackageReference "swift-algorithms" */;
			productName = Algorithms;
		};
		4BC783A02E181C34009C421A /* Dependencies */ = {
			isa = XCSwiftPackageProductDependency;
			package = 4BC7839F2E181C34009C421A /* XCRemoteSwiftPackageReference "swift-dependencies" */;
			productName = Dependencies;
		};
/* End XCSwiftPackageProductDependency section */
	};
	rootObject = 4B3445522E16AEEC00A3186E /* Project object */;
}
